// !$*UTF8*$!
{
	archiveVersion = 1;
	classes = {
	};
	objectVersion = 56;
	objects = {

/* Begin PBXBuildFile section */
		B73C046D2B8B10EF0068E706 /* HomeViewController.swift in Sources */ = {isa = PBXBuildFile; fileRef = B73C046C2B8B10EF0068E706 /* HomeViewController.swift */; };
		B73C04752B8B13060068E706 /* HomeVideoCell.swift in Sources */ = {isa = PBXBuildFile; fileRef = B73C04732B8B13060068E706 /* HomeVideoCell.swift */; };
		B73C04762B8B13060068E706 /* HomeVideoCell.xib in Resources */ = {isa = PBXBuildFile; fileRef = B73C04742B8B13060068E706 /* HomeVideoCell.xib */; };
		B73C04782B8B1D710068E706 /* HomeSection.swift in Sources */ = {isa = PBXBuildFile; fileRef = B73C04772B8B1D710068E706 /* HomeSection.swift */; };
		B73C047A2B8B28C90068E706 /* TabbarController.swift in Sources */ = {isa = PBXBuildFile; fileRef = B73C04792B8B28C90068E706 /* TabbarController.swift */; };
		B766B8D52B8A00F30062E0F5 /* AppDelegate.swift in Sources */ = {isa = PBXBuildFile; fileRef = B766B8D42B8A00F30062E0F5 /* AppDelegate.swift */; };
		B766B8D72B8A00F30062E0F5 /* SceneDelegate.swift in Sources */ = {isa = PBXBuildFile; fileRef = B766B8D62B8A00F30062E0F5 /* SceneDelegate.swift */; };
		B766B8D92B8A00F30062E0F5 /* LoginViewController.swift in Sources */ = {isa = PBXBuildFile; fileRef = B766B8D82B8A00F30062E0F5 /* LoginViewController.swift */; };
		B766B8DC2B8A00F30062E0F5 /* Main.storyboard in Resources */ = {isa = PBXBuildFile; fileRef = B766B8DA2B8A00F30062E0F5 /* Main.storyboard */; };
		B766B8DE2B8A00F50062E0F5 /* Assets.xcassets in Resources */ = {isa = PBXBuildFile; fileRef = B766B8DD2B8A00F50062E0F5 /* Assets.xcassets */; };
		B766B8E12B8A00F50062E0F5 /* LaunchScreen.storyboard in Resources */ = {isa = PBXBuildFile; fileRef = B766B8DF2B8A00F50062E0F5 /* LaunchScreen.storyboard */; };
		B766B8EC2B8A00F50062E0F5 /* KTVTests.swift in Sources */ = {isa = PBXBuildFile; fileRef = B766B8EB2B8A00F50062E0F5 /* KTVTests.swift */; };
		B766B8F62B8A00F50062E0F5 /* KTVUITests.swift in Sources */ = {isa = PBXBuildFile; fileRef = B766B8F52B8A00F50062E0F5 /* KTVUITests.swift */; };
		B766B8F82B8A00F50062E0F5 /* KTVUITestsLaunchTests.swift in Sources */ = {isa = PBXBuildFile; fileRef = B766B8F72B8A00F50062E0F5 /* KTVUITestsLaunchTests.swift */; };
		B766B9092B8A27370062E0F5 /* Color.xcassets in Resources */ = {isa = PBXBuildFile; fileRef = B766B9082B8A27370062E0F5 /* Color.xcassets */; };
/* End PBXBuildFile section */

/* Begin PBXContainerItemProxy section */
		B766B8E82B8A00F50062E0F5 /* PBXContainerItemProxy */ = {
			isa = PBXContainerItemProxy;
			containerPortal = B766B8C92B8A00F30062E0F5 /* Project object */;
			proxyType = 1;
			remoteGlobalIDString = B766B8D02B8A00F30062E0F5;
			remoteInfo = KTV;
		};
		B766B8F22B8A00F50062E0F5 /* PBXContainerItemProxy */ = {
			isa = PBXContainerItemProxy;
			containerPortal = B766B8C92B8A00F30062E0F5 /* Project object */;
			proxyType = 1;
			remoteGlobalIDString = B766B8D02B8A00F30062E0F5;
			remoteInfo = KTV;
		};
/* End PBXContainerItemProxy section */

/* Begin PBXFileReference section */
		B73C046C2B8B10EF0068E706 /* HomeViewController.swift */ = {isa = PBXFileReference; lastKnownFileType = sourcecode.swift; path = HomeViewController.swift; sourceTree = "<group>"; };
		B73C04732B8B13060068E706 /* HomeVideoCell.swift */ = {isa = PBXFileReference; lastKnownFileType = sourcecode.swift; path = HomeVideoCell.swift; sourceTree = "<group>"; };
		B73C04742B8B13060068E706 /* HomeVideoCell.xib */ = {isa = PBXFileReference; lastKnownFileType = file.xib; path = HomeVideoCell.xib; sourceTree = "<group>"; };
		B73C04772B8B1D710068E706 /* HomeSection.swift */ = {isa = PBXFileReference; lastKnownFileType = sourcecode.swift; path = HomeSection.swift; sourceTree = "<group>"; };
		B73C04792B8B28C90068E706 /* TabbarController.swift */ = {isa = PBXFileReference; lastKnownFileType = sourcecode.swift; path = TabbarController.swift; sourceTree = "<group>"; };
		B766B8D12B8A00F30062E0F5 /* KTV.app */ = {isa = PBXFileReference; explicitFileType = wrapper.application; includeInIndex = 0; path = KTV.app; sourceTree = BUILT_PRODUCTS_DIR; };
		B766B8D42B8A00F30062E0F5 /* AppDelegate.swift */ = {isa = PBXFileReference; lastKnownFileType = sourcecode.swift; path = AppDelegate.swift; sourceTree = "<group>"; };
		B766B8D62B8A00F30062E0F5 /* SceneDelegate.swift */ = {isa = PBXFileReference; lastKnownFileType = sourcecode.swift; path = SceneDelegate.swift; sourceTree = "<group>"; };
		B766B8D82B8A00F30062E0F5 /* LoginViewController.swift */ = {isa = PBXFileReference; lastKnownFileType = sourcecode.swift; path = LoginViewController.swift; sourceTree = "<group>"; };
		B766B8DB2B8A00F30062E0F5 /* Base */ = {isa = PBXFileReference; lastKnownFileType = file.storyboard; name = Base; path = Base.lproj/Main.storyboard; sourceTree = "<group>"; };
		B766B8DD2B8A00F50062E0F5 /* Assets.xcassets */ = {isa = PBXFileReference; lastKnownFileType = folder.assetcatalog; path = Assets.xcassets; sourceTree = "<group>"; };
		B766B8E02B8A00F50062E0F5 /* Base */ = {isa = PBXFileReference; lastKnownFileType = file.storyboard; name = Base; path = Base.lproj/LaunchScreen.storyboard; sourceTree = "<group>"; };
		B766B8E22B8A00F50062E0F5 /* Info.plist */ = {isa = PBXFileReference; lastKnownFileType = text.plist.xml; path = Info.plist; sourceTree = "<group>"; };
		B766B8E72B8A00F50062E0F5 /* KTVTests.xctest */ = {isa = PBXFileReference; explicitFileType = wrapper.cfbundle; includeInIndex = 0; path = KTVTests.xctest; sourceTree = BUILT_PRODUCTS_DIR; };
		B766B8EB2B8A00F50062E0F5 /* KTVTests.swift */ = {isa = PBXFileReference; lastKnownFileType = sourcecode.swift; path = KTVTests.swift; sourceTree = "<group>"; };
		B766B8F12B8A00F50062E0F5 /* KTVUITests.xctest */ = {isa = PBXFileReference; explicitFileType = wrapper.cfbundle; includeInIndex = 0; path = KTVUITests.xctest; sourceTree = BUILT_PRODUCTS_DIR; };
		B766B8F52B8A00F50062E0F5 /* KTVUITests.swift */ = {isa = PBXFileReference; lastKnownFileType = sourcecode.swift; path = KTVUITests.swift; sourceTree = "<group>"; };
		B766B8F72B8A00F50062E0F5 /* KTVUITestsLaunchTests.swift */ = {isa = PBXFileReference; lastKnownFileType = sourcecode.swift; path = KTVUITestsLaunchTests.swift; sourceTree = "<group>"; };
		B766B9082B8A27370062E0F5 /* Color.xcassets */ = {isa = PBXFileReference; lastKnownFileType = folder.assetcatalog; path = Color.xcassets; sourceTree = "<group>"; };
/* End PBXFileReference section */

/* Begin PBXFrameworksBuildPhase section */
		B766B8CE2B8A00F30062E0F5 /* Frameworks */ = {
			isa = PBXFrameworksBuildPhase;
			buildActionMask = 2147483647;
			files = (
			);
			runOnlyForDeploymentPostprocessing = 0;
		};
		B766B8E42B8A00F50062E0F5 /* Frameworks */ = {
			isa = PBXFrameworksBuildPhase;
			buildActionMask = 2147483647;
			files = (
			);
			runOnlyForDeploymentPostprocessing = 0;
		};
		B766B8EE2B8A00F50062E0F5 /* Frameworks */ = {
			isa = PBXFrameworksBuildPhase;
			buildActionMask = 2147483647;
			files = (
			);
			runOnlyForDeploymentPostprocessing = 0;
		};
/* End PBXFrameworksBuildPhase section */

/* Begin PBXGroup section */
		B73C046A2B8B0E3E0068E706 /* Login */ = {
			isa = PBXGroup;
			children = (
				B766B8D82B8A00F30062E0F5 /* LoginViewController.swift */,
			);
			path = Login;
			sourceTree = "<group>";
		};
		B73C046B2B8B10790068E706 /* Home */ = {
			isa = PBXGroup;
			children = (
				B73C046E2B8B12370068E706 /* Cell */,
				B73C046C2B8B10EF0068E706 /* HomeViewController.swift */,
				B73C04772B8B1D710068E706 /* HomeSection.swift */,
				B73C04792B8B28C90068E706 /* TabbarController.swift */,
			);
			path = Home;
			sourceTree = "<group>";
		};
		B73C046E2B8B12370068E706 /* Cell */ = {
			isa = PBXGroup;
			children = (
				B73C04732B8B13060068E706 /* HomeVideoCell.swift */,
				B73C04742B8B13060068E706 /* HomeVideoCell.xib */,
			);
			path = Cell;
			sourceTree = "<group>";
		};
		B766B8C82B8A00F30062E0F5 = {
			isa = PBXGroup;
			children = (
				B766B8D32B8A00F30062E0F5 /* KTV */,
				B766B8EA2B8A00F50062E0F5 /* KTVTests */,
				B766B8F42B8A00F50062E0F5 /* KTVUITests */,
				B766B8D22B8A00F30062E0F5 /* Products */,
			);
			sourceTree = "<group>";
		};
		B766B8D22B8A00F30062E0F5 /* Products */ = {
			isa = PBXGroup;
			children = (
				B766B8D12B8A00F30062E0F5 /* KTV.app */,
				B766B8E72B8A00F50062E0F5 /* KTVTests.xctest */,
				B766B8F12B8A00F50062E0F5 /* KTVUITests.xctest */,
			);
			name = Products;
			sourceTree = "<group>";
		};
		B766B8D32B8A00F30062E0F5 /* KTV */ = {
			isa = PBXGroup;
			children = (
				B73C046B2B8B10790068E706 /* Home */,
				B73C046A2B8B0E3E0068E706 /* Login */,
				B766B9082B8A27370062E0F5 /* Color.xcassets */,
				B766B8D42B8A00F30062E0F5 /* AppDelegate.swift */,
				B766B8D62B8A00F30062E0F5 /* SceneDelegate.swift */,
				B766B8DA2B8A00F30062E0F5 /* Main.storyboard */,
				B766B8DD2B8A00F50062E0F5 /* Assets.xcassets */,
				B766B8DF2B8A00F50062E0F5 /* LaunchScreen.storyboard */,
				B766B8E22B8A00F50062E0F5 /* Info.plist */,
			);
			path = KTV;
			sourceTree = "<group>";
		};
		B766B8EA2B8A00F50062E0F5 /* KTVTests */ = {
			isa = PBXGroup;
			children = (
				B766B8EB2B8A00F50062E0F5 /* KTVTests.swift */,
			);
			path = KTVTests;
			sourceTree = "<group>";
		};
		B766B8F42B8A00F50062E0F5 /* KTVUITests */ = {
			isa = PBXGroup;
			children = (
				B766B8F52B8A00F50062E0F5 /* KTVUITests.swift */,
				B766B8F72B8A00F50062E0F5 /* KTVUITestsLaunchTests.swift */,
			);
			path = KTVUITests;
			sourceTree = "<group>";
		};
/* End PBXGroup section */

/* Begin PBXNativeTarget section */
		B766B8D02B8A00F30062E0F5 /* KTV */ = {
			isa = PBXNativeTarget;
			buildConfigurationList = B766B8FB2B8A00F50062E0F5 /* Build configuration list for PBXNativeTarget "KTV" */;
			buildPhases = (
				B766B8CD2B8A00F30062E0F5 /* Sources */,
				B766B8CE2B8A00F30062E0F5 /* Frameworks */,
				B766B8CF2B8A00F30062E0F5 /* Resources */,
			);
			buildRules = (
			);
			dependencies = (
			);
			name = KTV;
			productName = KTV;
			productReference = B766B8D12B8A00F30062E0F5 /* KTV.app */;
			productType = "com.apple.product-type.application";
		};
		B766B8E62B8A00F50062E0F5 /* KTVTests */ = {
			isa = PBXNativeTarget;
			buildConfigurationList = B766B8FE2B8A00F50062E0F5 /* Build configuration list for PBXNativeTarget "KTVTests" */;
			buildPhases = (
				B766B8E32B8A00F50062E0F5 /* Sources */,
				B766B8E42B8A00F50062E0F5 /* Frameworks */,
				B766B8E52B8A00F50062E0F5 /* Resources */,
			);
			buildRules = (
			);
			dependencies = (
				B766B8E92B8A00F50062E0F5 /* PBXTargetDependency */,
			);
			name = KTVTests;
			productName = KTVTests;
			productReference = B766B8E72B8A00F50062E0F5 /* KTVTests.xctest */;
			productType = "com.apple.product-type.bundle.unit-test";
		};
		B766B8F02B8A00F50062E0F5 /* KTVUITests */ = {
			isa = PBXNativeTarget;
			buildConfigurationList = B766B9012B8A00F50062E0F5 /* Build configuration list for PBXNativeTarget "KTVUITests" */;
			buildPhases = (
				B766B8ED2B8A00F50062E0F5 /* Sources */,
				B766B8EE2B8A00F50062E0F5 /* Frameworks */,
				B766B8EF2B8A00F50062E0F5 /* Resources */,
			);
			buildRules = (
			);
			dependencies = (
				B766B8F32B8A00F50062E0F5 /* PBXTargetDependency */,
			);
			name = KTVUITests;
			productName = KTVUITests;
			productReference = B766B8F12B8A00F50062E0F5 /* KTVUITests.xctest */;
			productType = "com.apple.product-type.bundle.ui-testing";
		};
/* End PBXNativeTarget section */

/* Begin PBXProject section */
		B766B8C92B8A00F30062E0F5 /* Project object */ = {
			isa = PBXProject;
			attributes = {
				BuildIndependentTargetsInParallel = 1;
				LastSwiftUpdateCheck = 1500;
				LastUpgradeCheck = 1500;
				TargetAttributes = {
					B766B8D02B8A00F30062E0F5 = {
						CreatedOnToolsVersion = 15.0.1;
					};
					B766B8E62B8A00F50062E0F5 = {
						CreatedOnToolsVersion = 15.0.1;
						TestTargetID = B766B8D02B8A00F30062E0F5;
					};
					B766B8F02B8A00F50062E0F5 = {
						CreatedOnToolsVersion = 15.0.1;
						TestTargetID = B766B8D02B8A00F30062E0F5;
					};
				};
			};
			buildConfigurationList = B766B8CC2B8A00F30062E0F5 /* Build configuration list for PBXProject "KTV" */;
			compatibilityVersion = "Xcode 14.0";
			developmentRegion = en;
			hasScannedForEncodings = 0;
			knownRegions = (
				en,
				Base,
			);
			mainGroup = B766B8C82B8A00F30062E0F5;
			productRefGroup = B766B8D22B8A00F30062E0F5 /* Products */;
			projectDirPath = "";
			projectRoot = "";
			targets = (
				B766B8D02B8A00F30062E0F5 /* KTV */,
				B766B8E62B8A00F50062E0F5 /* KTVTests */,
				B766B8F02B8A00F50062E0F5 /* KTVUITests */,
			);
		};
/* End PBXProject section */

/* Begin PBXResourcesBuildPhase section */
		B766B8CF2B8A00F30062E0F5 /* Resources */ = {
			isa = PBXResourcesBuildPhase;
			buildActionMask = 2147483647;
			files = (
				B766B8E12B8A00F50062E0F5 /* LaunchScreen.storyboard in Resources */,
				B766B9092B8A27370062E0F5 /* Color.xcassets in Resources */,
				B766B8DE2B8A00F50062E0F5 /* Assets.xcassets in Resources */,
				B73C04762B8B13060068E706 /* HomeVideoCell.xib in Resources */,
				B766B8DC2B8A00F30062E0F5 /* Main.storyboard in Resources */,
			);
			runOnlyForDeploymentPostprocessing = 0;
		};
		B766B8E52B8A00F50062E0F5 /* Resources */ = {
			isa = PBXResourcesBuildPhase;
			buildActionMask = 2147483647;
			files = (
			);
			runOnlyForDeploymentPostprocessing = 0;
		};
		B766B8EF2B8A00F50062E0F5 /* Resources */ = {
			isa = PBXResourcesBuildPhase;
			buildActionMask = 2147483647;
			files = (
			);
			runOnlyForDeploymentPostprocessing = 0;
		};
/* End PBXResourcesBuildPhase section */

/* Begin PBXSourcesBuildPhase section */
		B766B8CD2B8A00F30062E0F5 /* Sources */ = {
			isa = PBXSourcesBuildPhase;
			buildActionMask = 2147483647;
			files = (
				B766B8D92B8A00F30062E0F5 /* LoginViewController.swift in Sources */,
				B766B8D52B8A00F30062E0F5 /* AppDelegate.swift in Sources */,
				B73C04782B8B1D710068E706 /* HomeSection.swift in Sources */,
				B766B8D72B8A00F30062E0F5 /* SceneDelegate.swift in Sources */,
				B73C04752B8B13060068E706 /* HomeVideoCell.swift in Sources */,
				B73C046D2B8B10EF0068E706 /* HomeViewController.swift in Sources */,
				B73C047A2B8B28C90068E706 /* TabbarController.swift in Sources */,
			);
			runOnlyForDeploymentPostprocessing = 0;
		};
		B766B8E32B8A00F50062E0F5 /* Sources */ = {
			isa = PBXSourcesBuildPhase;
			buildActionMask = 2147483647;
			files = (
				B766B8EC2B8A00F50062E0F5 /* KTVTests.swift in Sources */,
			);
			runOnlyForDeploymentPostprocessing = 0;
		};
		B766B8ED2B8A00F50062E0F5 /* Sources */ = {
			isa = PBXSourcesBuildPhase;
			buildActionMask = 2147483647;
			files = (
				B766B8F82B8A00F50062E0F5 /* KTVUITestsLaunchTests.swift in Sources */,
				B766B8F62B8A00F50062E0F5 /* KTVUITests.swift in Sources */,
			);
			runOnlyForDeploymentPostprocessing = 0;
		};
/* End PBXSourcesBuildPhase section */

/* Begin PBXTargetDependency section */
		B766B8E92B8A00F50062E0F5 /* PBXTargetDependency */ = {
			isa = PBXTargetDependency;
			target = B766B8D02B8A00F30062E0F5 /* KTV */;
			targetProxy = B766B8E82B8A00F50062E0F5 /* PBXContainerItemProxy */;
		};
		B766B8F32B8A00F50062E0F5 /* PBXTargetDependency */ = {
			isa = PBXTargetDependency;
			target = B766B8D02B8A00F30062E0F5 /* KTV */;
			targetProxy = B766B8F22B8A00F50062E0F5 /* PBXContainerItemProxy */;
		};
/* End PBXTargetDependency section */

/* Begin PBXVariantGroup section */
		B766B8DA2B8A00F30062E0F5 /* Main.storyboard */ = {
			isa = PBXVariantGroup;
			children = (
				B766B8DB2B8A00F30062E0F5 /* Base */,
			);
			name = Main.storyboard;
			sourceTree = "<group>";
		};
		B766B8DF2B8A00F50062E0F5 /* LaunchScreen.storyboard */ = {
			isa = PBXVariantGroup;
			children = (
				B766B8E02B8A00F50062E0F5 /* Base */,
			);
			name = LaunchScreen.storyboard;
			sourceTree = "<group>";
		};
/* End PBXVariantGroup section */

/* Begin XCBuildConfiguration section */
		B766B8F92B8A00F50062E0F5 /* Debug */ = {
			isa = XCBuildConfiguration;
			buildSettings = {
				ALWAYS_SEARCH_USER_PATHS = NO;
				ASSETCATALOG_COMPILER_GENERATE_SWIFT_ASSET_SYMBOL_EXTENSIONS = YES;
				CLANG_ANALYZER_NONNULL = YES;
				CLANG_ANALYZER_NUMBER_OBJECT_CONVERSION = YES_AGGRESSIVE;
				CLANG_CXX_LANGUAGE_STANDARD = "gnu++20";
				CLANG_ENABLE_MODULES = YES;
				CLANG_ENABLE_OBJC_ARC = YES;
				CLANG_ENABLE_OBJC_WEAK = YES;
				CLANG_WARN_BLOCK_CAPTURE_AUTORELEASING = YES;
				CLANG_WARN_BOOL_CONVERSION = YES;
				CLANG_WARN_COMMA = YES;
				CLANG_WARN_CONSTANT_CONVERSION = YES;
				CLANG_WARN_DEPRECATED_OBJC_IMPLEMENTATIONS = YES;
				CLANG_WARN_DIRECT_OBJC_ISA_USAGE = YES_ERROR;
				CLANG_WARN_DOCUMENTATION_COMMENTS = YES;
				CLANG_WARN_EMPTY_BODY = YES;
				CLANG_WARN_ENUM_CONVERSION = YES;
				CLANG_WARN_INFINITE_RECURSION = YES;
				CLANG_WARN_INT_CONVERSION = YES;
				CLANG_WARN_NON_LITERAL_NULL_CONVERSION = YES;
				CLANG_WARN_OBJC_IMPLICIT_RETAIN_SELF = YES;
				CLANG_WARN_OBJC_LITERAL_CONVERSION = YES;
				CLANG_WARN_OBJC_ROOT_CLASS = YES_ERROR;
				CLANG_WARN_QUOTED_INCLUDE_IN_FRAMEWORK_HEADER = YES;
				CLANG_WARN_RANGE_LOOP_ANALYSIS = YES;
				CLANG_WARN_STRICT_PROTOTYPES = YES;
				CLANG_WARN_SUSPICIOUS_MOVE = YES;
				CLANG_WARN_UNGUARDED_AVAILABILITY = YES_AGGRESSIVE;
				CLANG_WARN_UNREACHABLE_CODE = YES;
				CLANG_WARN__DUPLICATE_METHOD_MATCH = YES;
				COPY_PHASE_STRIP = NO;
				DEBUG_INFORMATION_FORMAT = dwarf;
				ENABLE_STRICT_OBJC_MSGSEND = YES;
				ENABLE_TESTABILITY = YES;
				ENABLE_USER_SCRIPT_SANDBOXING = YES;
				GCC_C_LANGUAGE_STANDARD = gnu17;
				GCC_DYNAMIC_NO_PIC = NO;
				GCC_NO_COMMON_BLOCKS = YES;
				GCC_OPTIMIZATION_LEVEL = 0;
				GCC_PREPROCESSOR_DEFINITIONS = (
					"DEBUG=1",
					"$(inherited)",
				);
				GCC_WARN_64_TO_32_BIT_CONVERSION = YES;
				GCC_WARN_ABOUT_RETURN_TYPE = YES_ERROR;
				GCC_WARN_UNDECLARED_SELECTOR = YES;
				GCC_WARN_UNINITIALIZED_AUTOS = YES_AGGRESSIVE;
				GCC_WARN_UNUSED_FUNCTION = YES;
				GCC_WARN_UNUSED_VARIABLE = YES;
				IPHONEOS_DEPLOYMENT_TARGET = 17.0;
				LOCALIZATION_PREFERS_STRING_CATALOGS = YES;
				MTL_ENABLE_DEBUG_INFO = INCLUDE_SOURCE;
				MTL_FAST_MATH = YES;
				ONLY_ACTIVE_ARCH = YES;
				SDKROOT = iphoneos;
				SWIFT_ACTIVE_COMPILATION_CONDITIONS = "DEBUG $(inherited)";
				SWIFT_OPTIMIZATION_LEVEL = "-Onone";
			};
			name = Debug;
		};
		B766B8FA2B8A00F50062E0F5 /* Release */ = {
			isa = XCBuildConfiguration;
			buildSettings = {
				ALWAYS_SEARCH_USER_PATHS = NO;
				ASSETCATALOG_COMPILER_GENERATE_SWIFT_ASSET_SYMBOL_EXTENSIONS = YES;
				CLANG_ANALYZER_NONNULL = YES;
				CLANG_ANALYZER_NUMBER_OBJECT_CONVERSION = YES_AGGRESSIVE;
				CLANG_CXX_LANGUAGE_STANDARD = "gnu++20";
				CLANG_ENABLE_MODULES = YES;
				CLANG_ENABLE_OBJC_ARC = YES;
				CLANG_ENABLE_OBJC_WEAK = YES;
				CLANG_WARN_BLOCK_CAPTURE_AUTORELEASING = YES;
				CLANG_WARN_BOOL_CONVERSION = YES;
				CLANG_WARN_COMMA = YES;
				CLANG_WARN_CONSTANT_CONVERSION = YES;
				CLANG_WARN_DEPRECATED_OBJC_IMPLEMENTATIONS = YES;
				CLANG_WARN_DIRECT_OBJC_ISA_USAGE = YES_ERROR;
				CLANG_WARN_DOCUMENTATION_COMMENTS = YES;
				CLANG_WARN_EMPTY_BODY = YES;
				CLANG_WARN_ENUM_CONVERSION = YES;
				CLANG_WARN_INFINITE_RECURSION = YES;
				CLANG_WARN_INT_CONVERSION = YES;
				CLANG_WARN_NON_LITERAL_NULL_CONVERSION = YES;
				CLANG_WARN_OBJC_IMPLICIT_RETAIN_SELF = YES;
				CLANG_WARN_OBJC_LITERAL_CONVERSION = YES;
				CLANG_WARN_OBJC_ROOT_CLASS = YES_ERROR;
				CLANG_WARN_QUOTED_INCLUDE_IN_FRAMEWORK_HEADER = YES;
				CLANG_WARN_RANGE_LOOP_ANALYSIS = YES;
				CLANG_WARN_STRICT_PROTOTYPES = YES;
				CLANG_WARN_SUSPICIOUS_MOVE = YES;
				CLANG_WARN_UNGUARDED_AVAILABILITY = YES_AGGRESSIVE;
				CLANG_WARN_UNREACHABLE_CODE = YES;
				CLANG_WARN__DUPLICATE_METHOD_MATCH = YES;
				COPY_PHASE_STRIP = NO;
				DEBUG_INFORMATION_FORMAT = "dwarf-with-dsym";
				ENABLE_NS_ASSERTIONS = NO;
				ENABLE_STRICT_OBJC_MSGSEND = YES;
				ENABLE_USER_SCRIPT_SANDBOXING = YES;
				GCC_C_LANGUAGE_STANDARD = gnu17;
				GCC_NO_COMMON_BLOCKS = YES;
				GCC_WARN_64_TO_32_BIT_CONVERSION = YES;
				GCC_WARN_ABOUT_RETURN_TYPE = YES_ERROR;
				GCC_WARN_UNDECLARED_SELECTOR = YES;
				GCC_WARN_UNINITIALIZED_AUTOS = YES_AGGRESSIVE;
				GCC_WARN_UNUSED_FUNCTION = YES;
				GCC_WARN_UNUSED_VARIABLE = YES;
				IPHONEOS_DEPLOYMENT_TARGET = 17.0;
				LOCALIZATION_PREFERS_STRING_CATALOGS = YES;
				MTL_ENABLE_DEBUG_INFO = NO;
				MTL_FAST_MATH = YES;
				SDKROOT = iphoneos;
				SWIFT_COMPILATION_MODE = wholemodule;
				VALIDATE_PRODUCT = YES;
			};
			name = Release;
		};
		B766B8FC2B8A00F50062E0F5 /* Debug */ = {
			isa = XCBuildConfiguration;
			buildSettings = {
				ASSETCATALOG_COMPILER_APPICON_NAME = AppIcon;
				ASSETCATALOG_COMPILER_GLOBAL_ACCENT_COLOR_NAME = AccentColor;
				CODE_SIGN_STYLE = Automatic;
				CURRENT_PROJECT_VERSION = 1;
				DEVELOPMENT_TEAM = 7Z8W92S6YL;
				GENERATE_INFOPLIST_FILE = YES;
				INFOPLIST_FILE = KTV/Info.plist;
				INFOPLIST_KEY_UIApplicationSupportsIndirectInputEvents = YES;
				INFOPLIST_KEY_UILaunchStoryboardName = LaunchScreen;
				INFOPLIST_KEY_UIMainStoryboardFile = Main;
				INFOPLIST_KEY_UISupportedInterfaceOrientations_iPad = "UIInterfaceOrientationPortrait UIInterfaceOrientationPortraitUpsideDown UIInterfaceOrientationLandscapeLeft UIInterfaceOrientationLandscapeRight";
				INFOPLIST_KEY_UISupportedInterfaceOrientations_iPhone = "UIInterfaceOrientationPortrait UIInterfaceOrientationLandscapeLeft UIInterfaceOrientationLandscapeRight";
				IPHONEOS_DEPLOYMENT_TARGET = 15.0;
				LD_RUNPATH_SEARCH_PATHS = (
					"$(inherited)",
					"@executable_path/Frameworks",
				);
				MARKETING_VERSION = 1.0;
				PRODUCT_BUNDLE_IDENTIFIER = dongjun.KTV;
				PRODUCT_NAME = "$(TARGET_NAME)";
				SWIFT_EMIT_LOC_STRINGS = YES;
				SWIFT_VERSION = 5.0;
				TARGETED_DEVICE_FAMILY = "1,2";
			};
			name = Debug;
		};
		B766B8FD2B8A00F50062E0F5 /* Release */ = {
			isa = XCBuildConfiguration;
			buildSettings = {
				ASSETCATALOG_COMPILER_APPICON_NAME = AppIcon;
				ASSETCATALOG_COMPILER_GLOBAL_ACCENT_COLOR_NAME = AccentColor;
				CODE_SIGN_STYLE = Automatic;
				CURRENT_PROJECT_VERSION = 1;
				DEVELOPMENT_TEAM = 7Z8W92S6YL;
				GENERATE_INFOPLIST_FILE = YES;
				INFOPLIST_FILE = KTV/Info.plist;
				INFOPLIST_KEY_UIApplicationSupportsIndirectInputEvents = YES;
				INFOPLIST_KEY_UILaunchStoryboardName = LaunchScreen;
				INFOPLIST_KEY_UIMainStoryboardFile = Main;
				INFOPLIST_KEY_UISupportedInterfaceOrientations_iPad = "UIInterfaceOrientationPortrait UIInterfaceOrientationPortraitUpsideDown UIInterfaceOrientationLandscapeLeft UIInterfaceOrientationLandscapeRight";
				INFOPLIST_KEY_UISupportedInterfaceOrientations_iPhone = "UIInterfaceOrientationPortrait UIInterfaceOrientationLandscapeLeft UIInterfaceOrientationLandscapeRight";
				IPHONEOS_DEPLOYMENT_TARGET = 15.0;
				LD_RUNPATH_SEARCH_PATHS = (
					"$(inherited)",
					"@executable_path/Frameworks",
				);
				MARKETING_VERSION = 1.0;
				PRODUCT_BUNDLE_IDENTIFIER = dongjun.KTV;
				PRODUCT_NAME = "$(TARGET_NAME)";
				SWIFT_EMIT_LOC_STRINGS = YES;
				SWIFT_VERSION = 5.0;
				TARGETED_DEVICE_FAMILY = "1,2";
			};
			name = Release;
		};
		B766B8FF2B8A00F50062E0F5 /* Debug */ = {
			isa = XCBuildConfiguration;
			buildSettings = {
				ALWAYS_EMBED_SWIFT_STANDARD_LIBRARIES = YES;
				BUNDLE_LOADER = "$(TEST_HOST)";
				CODE_SIGN_STYLE = Automatic;
				CURRENT_PROJECT_VERSION = 1;
				DEVELOPMENT_TEAM = 7Z8W92S6YL;
				GENERATE_INFOPLIST_FILE = YES;
				IPHONEOS_DEPLOYMENT_TARGET = 17.0;
				MARKETING_VERSION = 1.0;
				PRODUCT_BUNDLE_IDENTIFIER = dongjun.KTVTests;
				PRODUCT_NAME = "$(TARGET_NAME)";
				SWIFT_EMIT_LOC_STRINGS = NO;
				SWIFT_VERSION = 5.0;
				TARGETED_DEVICE_FAMILY = "1,2";
				TEST_HOST = "$(BUILT_PRODUCTS_DIR)/KTV.app/$(BUNDLE_EXECUTABLE_FOLDER_PATH)/KTV";
			};
			name = Debug;
		};
		B766B9002B8A00F50062E0F5 /* Release */ = {
			isa = XCBuildConfiguration;
			buildSettings = {
				ALWAYS_EMBED_SWIFT_STANDARD_LIBRARIES = YES;
				BUNDLE_LOADER = "$(TEST_HOST)";
				CODE_SIGN_STYLE = Automatic;
				CURRENT_PROJECT_VERSION = 1;
				DEVELOPMENT_TEAM = 7Z8W92S6YL;
				GENERATE_INFOPLIST_FILE = YES;
				IPHONEOS_DEPLOYMENT_TARGET = 17.0;
				MARKETING_VERSION = 1.0;
				PRODUCT_BUNDLE_IDENTIFIER = dongjun.KTVTests;
				PRODUCT_NAME = "$(TARGET_NAME)";
				SWIFT_EMIT_LOC_STRINGS = NO;
				SWIFT_VERSION = 5.0;
				TARGETED_DEVICE_FAMILY = "1,2";
				TEST_HOST = "$(BUILT_PRODUCTS_DIR)/KTV.app/$(BUNDLE_EXECUTABLE_FOLDER_PATH)/KTV";
			};
			name = Release;
		};
		B766B9022B8A00F50062E0F5 /* Debug */ = {
			isa = XCBuildConfiguration;
			buildSettings = {
				ALWAYS_EMBED_SWIFT_STANDARD_LIBRARIES = YES;
				CODE_SIGN_STYLE = Automatic;
				CURRENT_PROJECT_VERSION = 1;
				DEVELOPMENT_TEAM = 7Z8W92S6YL;
				GENERATE_INFOPLIST_FILE = YES;
				MARKETING_VERSION = 1.0;
				PRODUCT_BUNDLE_IDENTIFIER = dongjun.KTVUITests;
				PRODUCT_NAME = "$(TARGET_NAME)";
				SWIFT_EMIT_LOC_STRINGS = NO;
				SWIFT_VERSION = 5.0;
				TARGETED_DEVICE_FAMILY = "1,2";
				TEST_TARGET_NAME = KTV;
			};
			name = Debug;
		};
		B766B9032B8A00F50062E0F5 /* Release */ = {
			isa = XCBuildConfiguration;
			buildSettings = {
				ALWAYS_EMBED_SWIFT_STANDARD_LIBRARIES = YES;
				CODE_SIGN_STYLE = Automatic;
				CURRENT_PROJECT_VERSION = 1;
				DEVELOPMENT_TEAM = 7Z8W92S6YL;
				GENERATE_INFOPLIST_FILE = YES;
				MARKETING_VERSION = 1.0;
				PRODUCT_BUNDLE_IDENTIFIER = dongjun.KTVUITests;
				PRODUCT_NAME = "$(TARGET_NAME)";
				SWIFT_EMIT_LOC_STRINGS = NO;
				SWIFT_VERSION = 5.0;
				TARGETED_DEVICE_FAMILY = "1,2";
				TEST_TARGET_NAME = KTV;
			};
			name = Release;
		};
/* End XCBuildConfiguration section */

/* Begin XCConfigurationList section */
		B766B8CC2B8A00F30062E0F5 /* Build configuration list for PBXProject "KTV" */ = {
			isa = XCConfigurationList;
			buildConfigurations = (
				B766B8F92B8A00F50062E0F5 /* Debug */,
				B766B8FA2B8A00F50062E0F5 /* Release */,
			);
			defaultConfigurationIsVisible = 0;
			defaultConfigurationName = Release;
		};
		B766B8FB2B8A00F50062E0F5 /* Build configuration list for PBXNativeTarget "KTV" */ = {
			isa = XCConfigurationList;
			buildConfigurations = (
				B766B8FC2B8A00F50062E0F5 /* Debug */,
				B766B8FD2B8A00F50062E0F5 /* Release */,
			);
			defaultConfigurationIsVisible = 0;
			defaultConfigurationName = Release;
		};
		B766B8FE2B8A00F50062E0F5 /* Build configuration list for PBXNativeTarget "KTVTests" */ = {
			isa = XCConfigurationList;
			buildConfigurations = (
				B766B8FF2B8A00F50062E0F5 /* Debug */,
				B766B9002B8A00F50062E0F5 /* Release */,
			);
			defaultConfigurationIsVisible = 0;
			defaultConfigurationName = Release;
		};
		B766B9012B8A00F50062E0F5 /* Build configuration list for PBXNativeTarget "KTVUITests" */ = {
			isa = XCConfigurationList;
			buildConfigurations = (
				B766B9022B8A00F50062E0F5 /* Debug */,
				B766B9032B8A00F50062E0F5 /* Release */,
			);
			defaultConfigurationIsVisible = 0;
			defaultConfigurationName = Release;
		};
/* End XCConfigurationList section */
	};
	rootObject = B766B8C92B8A00F30062E0F5 /* Project object */;
}
